
Microsoft Visual Studio Solution File, Format Version 12.00
# Visual Studio Version 17
VisualStudioVersion = 17.1.32319.34
MinimumVisualStudioVersion = 10.0.40219.1
Project("{9A19103F-16F7-4668-BE54-9A1E7A4F7556}") = "LicenseProject.Domain", "LicenseProject.Domain\LicenseProject.Domain.csproj", "{D343F289-9844-41E9-95B3-ABFA6012DE6E}"
EndProject
Project("{9A19103F-16F7-4668-BE54-9A1E7A4F7556}") = "LicenseProject.Infrastructure", "LicenseProject.Infrastructure\LicenseProject.Infrastructure.csproj", "{9717F1EF-C258-432C-9CC7-67DEAF47C77F}"
EndProject
Project("{FAE04EC0-301F-11D3-BF4B-00C04F79EFBC}") = "LicenseProject.Api", "LicenseProject.Api\LicenseProject.Api.csproj", "{5B29E4FF-29AE-4249-8004-C0A71087A355}"
EndProject
Global
	GlobalSection(SolutionConfigurationPlatforms) = preSolution
		Debug|Any CPU = Debug|Any CPU
		Release|Any CPU = Release|Any CPU
	EndGlobalSection
	GlobalSection(ProjectConfigurationPlatforms) = postSolution
		{D343F289-9844-41E9-95B3-ABFA6012DE6E}.Debug|Any CPU.ActiveCfg = Debug|Any CPU
		{D343F289-9844-41E9-95B3-ABFA6012DE6E}.Debug|Any CPU.Build.0 = Debug|Any CPU
		{D343F289-9844-41E9-95B3-ABFA6012DE6E}.Release|Any CPU.ActiveCfg = Release|Any CPU
		{D343F289-9844-41E9-95B3-ABFA6012DE6E}.Release|Any CPU.Build.0 = Release|Any CPU
		{9717F1EF-C258-432C-9CC7-67DEAF47C77F}.Debug|Any CPU.ActiveCfg = Debug|Any CPU
		{9717F1EF-C258-432C-9CC7-67DEAF47C77F}.Debug|Any CPU.Build.0 = Debug|Any CPU
		{9717F1EF-C258-432C-9CC7-67DEAF47C77F}.Release|Any CPU.ActiveCfg = Release|Any CPU
		{9717F1EF-C258-432C-9CC7-67DEAF47C77F}.Release|Any CPU.Build.0 = Release|Any CPU
		{5B29E4FF-29AE-4249-8004-C0A71087A355}.Debug|Any CPU.ActiveCfg = Debug|Any CPU
		{5B29E4FF-29AE-4249-8004-C0A71087A355}.Debug|Any CPU.Build.0 = Debug|Any CPU
		{5B29E4FF-29AE-4249-8004-C0A71087A355}.Release|Any CPU.ActiveCfg = Release|Any CPU
		{5B29E4FF-29AE-4249-8004-C0A71087A355}.Release|Any CPU.Build.0 = Release|Any CPU
	EndGlobalSection
	GlobalSection(SolutionProperties) = preSolution
		HideSolutionNode = FALSE
	EndGlobalSection
	GlobalSection(ExtensibilityGlobals) = postSolution
		SolutionGuid = {10F14D29-9FF1-4530-9451-210E54C00B0A}
	EndGlobalSection
EndGlobal
